
Microsoft Visual Studio Solution File, Format Version 11.00
# Visual Studio 2010
Project("{FAE04EC0-301F-11D3-BF4B-00C04F79EFBC}") = "NetduinoApplication", "NetduinoApplication.csproj", "{92FDAE29-1D8D-4083-868B-98204349369B}"
EndProject
Global
	GlobalSection(SolutionConfigurationPlatforms) = preSolution
		Debug|Any CPU = Debug|Any CPU
		Release|Any CPU = Release|Any CPU
	EndGlobalSection
	GlobalSection(ProjectConfigurationPlatforms) = postSolution
		{92FDAE29-1D8D-4083-868B-98204349369B}.Debug|Any CPU.ActiveCfg = Debug|Any CPU
		{92FDAE29-1D8D-4083-868B-98204349369B}.Debug|Any CPU.Build.0 = Debug|Any CPU
		{92FDAE29-1D8D-4083-868B-98204349369B}.Debug|Any CPU.Deploy.0 = Debug|Any CPU
		{92FDAE29-1D8D-4083-868B-98204349369B}.Release|Any CPU.ActiveCfg = Release|Any CPU
		{92FDAE29-1D8D-4083-868B-98204349369B}.Release|Any CPU.Build.0 = Release|Any CPU
		{92FDAE29-1D8D-4083-868B-98204349369B}.Release|Any CPU.Deploy.0 = Release|Any CPU
	EndGlobalSection
	GlobalSection(SolutionProperties) = preSolution
		HideSolutionNode = FALSE
	EndGlobalSection
EndGlobal
